
Microsoft Visual Studio Solution File, Format Version 12.00
# Visual Studio 15
VisualStudioVersion = 15.0.28307.106
MinimumVisualStudioVersion = 10.0.40219.1
Project("{FAE04EC0-301F-11D3-BF4B-00C04F79EFBC}") = "vignere testing", "vignere testing\vignere testing.csproj", "{0B14025E-FB3F-4BF4-9D0B-82E5225C4833}"
EndProject
Global
	GlobalSection(SolutionConfigurationPlatforms) = preSolution
		Debug|Any CPU = Debug|Any CPU
		Release|Any CPU = Release|Any CPU
	EndGlobalSection
	GlobalSection(ProjectConfigurationPlatforms) = postSolution
		{0B14025E-FB3F-4BF4-9D0B-82E5225C4833}.Debug|Any CPU.ActiveCfg = Debug|Any CPU
		{0B14025E-FB3F-4BF4-9D0B-82E5225C4833}.Debug|Any CPU.Build.0 = Debug|Any CPU
		{0B14025E-FB3F-4BF4-9D0B-82E5225C4833}.Release|Any CPU.ActiveCfg = Release|Any CPU
		{0B14025E-FB3F-4BF4-9D0B-82E5225C4833}.Release|Any CPU.Build.0 = Release|Any CPU
	EndGlobalSection
	GlobalSection(SolutionProperties) = preSolution
		HideSolutionNode = FALSE
	EndGlobalSection
	GlobalSection(ExtensibilityGlobals) = postSolution
		SolutionGuid = {9DD81E77-1698-4E1D-9075-5F11FAF1ECA2}
	EndGlobalSection
EndGlobal
