
Microsoft Visual Studio Solution File, Format Version 12.00
# Visual Studio Version 16
VisualStudioVersion = 16.0.29424.173
MinimumVisualStudioVersion = 10.0.40219.1
Project("{FAE04EC0-301F-11D3-BF4B-00C04F79EFBC}") = "vigenere library", "vignere library\vigenere library.csproj", "{EBB93301-47E1-4099-BDA7-F8E5604AC23E}"
EndProject
Project("{FAE04EC0-301F-11D3-BF4B-00C04F79EFBC}") = "TestingVigenere", "TestingVigenere\TestingVigenere.csproj", "{AA0E77AF-EBBE-4507-ABAF-C80B578B1040}"
EndProject
Global
	GlobalSection(SolutionConfigurationPlatforms) = preSolution
		Debug|Any CPU = Debug|Any CPU
		Release|Any CPU = Release|Any CPU
	EndGlobalSection
	GlobalSection(ProjectConfigurationPlatforms) = postSolution
		{EBB93301-47E1-4099-BDA7-F8E5604AC23E}.Debug|Any CPU.ActiveCfg = Debug|Any CPU
		{EBB93301-47E1-4099-BDA7-F8E5604AC23E}.Debug|Any CPU.Build.0 = Debug|Any CPU
		{EBB93301-47E1-4099-BDA7-F8E5604AC23E}.Release|Any CPU.ActiveCfg = Release|Any CPU
		{EBB93301-47E1-4099-BDA7-F8E5604AC23E}.Release|Any CPU.Build.0 = Release|Any CPU
		{AA0E77AF-EBBE-4507-ABAF-C80B578B1040}.Debug|Any CPU.ActiveCfg = Debug|Any CPU
		{AA0E77AF-EBBE-4507-ABAF-C80B578B1040}.Debug|Any CPU.Build.0 = Debug|Any CPU
		{AA0E77AF-EBBE-4507-ABAF-C80B578B1040}.Release|Any CPU.ActiveCfg = Release|Any CPU
		{AA0E77AF-EBBE-4507-ABAF-C80B578B1040}.Release|Any CPU.Build.0 = Release|Any CPU
	EndGlobalSection
	GlobalSection(SolutionProperties) = preSolution
		HideSolutionNode = FALSE
	EndGlobalSection
	GlobalSection(ExtensibilityGlobals) = postSolution
		SolutionGuid = {3C52527C-08D3-483B-B1B3-5D5D72ED1A4F}
	EndGlobalSection
EndGlobal
