
Microsoft Visual Studio Solution File, Format Version 12.00
# Visual Studio Version 16
VisualStudioVersion = 16.0.29403.142
MinimumVisualStudioVersion = 10.0.40219.1
Project("{FAE04EC0-301F-11D3-BF4B-00C04F79EFBC}") = "SimpleUtil", "SimpleUtil\SimpleUtil.csproj", "{76E74EAB-E380-44F8-9A35-DD0C7D0058B2}"
EndProject
Global
	GlobalSection(SolutionConfigurationPlatforms) = preSolution
		Debug|Any CPU = Debug|Any CPU
		Release|Any CPU = Release|Any CPU
	EndGlobalSection
	GlobalSection(ProjectConfigurationPlatforms) = postSolution
		{76E74EAB-E380-44F8-9A35-DD0C7D0058B2}.Debug|Any CPU.ActiveCfg = Debug|Any CPU
		{76E74EAB-E380-44F8-9A35-DD0C7D0058B2}.Debug|Any CPU.Build.0 = Debug|Any CPU
		{76E74EAB-E380-44F8-9A35-DD0C7D0058B2}.Release|Any CPU.ActiveCfg = Release|Any CPU
		{76E74EAB-E380-44F8-9A35-DD0C7D0058B2}.Release|Any CPU.Build.0 = Release|Any CPU
	EndGlobalSection
	GlobalSection(SolutionProperties) = preSolution
		HideSolutionNode = FALSE
	EndGlobalSection
	GlobalSection(ExtensibilityGlobals) = postSolution
		SolutionGuid = {E3422F8D-FEB6-40CD-8311-BA4CF1D8A589}
	EndGlobalSection
EndGlobal
