
Microsoft Visual Studio Solution File, Format Version 12.00
# Visual Studio 15
VisualStudioVersion = 15.0.28307.168
MinimumVisualStudioVersion = 10.0.40219.1
Project("{F184B08F-C81C-45F6-A57F-5ABD9991F28F}") = "brandisbagels", "brandisbagels\brandisbagels.vbproj", "{6871C123-C840-4D6E-B7CF-8D4A7C4EE87E}"
EndProject
Global
	GlobalSection(SolutionConfigurationPlatforms) = preSolution
		Debug|Any CPU = Debug|Any CPU
		Release|Any CPU = Release|Any CPU
	EndGlobalSection
	GlobalSection(ProjectConfigurationPlatforms) = postSolution
		{6871C123-C840-4D6E-B7CF-8D4A7C4EE87E}.Debug|Any CPU.ActiveCfg = Debug|Any CPU
		{6871C123-C840-4D6E-B7CF-8D4A7C4EE87E}.Debug|Any CPU.Build.0 = Debug|Any CPU
		{6871C123-C840-4D6E-B7CF-8D4A7C4EE87E}.Release|Any CPU.ActiveCfg = Release|Any CPU
		{6871C123-C840-4D6E-B7CF-8D4A7C4EE87E}.Release|Any CPU.Build.0 = Release|Any CPU
	EndGlobalSection
	GlobalSection(SolutionProperties) = preSolution
		HideSolutionNode = FALSE
	EndGlobalSection
	GlobalSection(ExtensibilityGlobals) = postSolution
		SolutionGuid = {F3BB4A08-7991-42AA-B0A0-5AFC8A170653}
	EndGlobalSection
EndGlobal
