
Microsoft Visual Studio Solution File, Format Version 12.00
# Visual Studio Version 16
VisualStudioVersion = 16.0.30611.23
MinimumVisualStudioVersion = 10.0.40219.1
Project("{FAE04EC0-301F-11D3-BF4B-00C04F79EFBC}") = "switch testing", "switch testing\switch testing.csproj", "{DADDCA65-0999-4682-9A3F-762F4BD1A0B8}"
EndProject
Global
	GlobalSection(SolutionConfigurationPlatforms) = preSolution
		Debug|Any CPU = Debug|Any CPU
		Release|Any CPU = Release|Any CPU
	EndGlobalSection
	GlobalSection(ProjectConfigurationPlatforms) = postSolution
		{DADDCA65-0999-4682-9A3F-762F4BD1A0B8}.Debug|Any CPU.ActiveCfg = Debug|Any CPU
		{DADDCA65-0999-4682-9A3F-762F4BD1A0B8}.Debug|Any CPU.Build.0 = Debug|Any CPU
		{DADDCA65-0999-4682-9A3F-762F4BD1A0B8}.Release|Any CPU.ActiveCfg = Release|Any CPU
		{DADDCA65-0999-4682-9A3F-762F4BD1A0B8}.Release|Any CPU.Build.0 = Release|Any CPU
	EndGlobalSection
	GlobalSection(SolutionProperties) = preSolution
		HideSolutionNode = FALSE
	EndGlobalSection
	GlobalSection(ExtensibilityGlobals) = postSolution
		SolutionGuid = {F6A4D3C5-7605-481E-B340-31D4E75AC99F}
	EndGlobalSection
EndGlobal
