
Microsoft Visual Studio Solution File, Format Version 12.00
# Visual Studio Version 16
VisualStudioVersion = 16.0.29519.87
MinimumVisualStudioVersion = 10.0.40219.1
Project("{FAE04EC0-301F-11D3-BF4B-00C04F79EFBC}") = "FirstWebApplication", "FirstWebApplication\FirstWebApplication.csproj", "{4146DD3F-EC4C-4696-870E-EA220177930A}"
EndProject
Global
	GlobalSection(SolutionConfigurationPlatforms) = preSolution
		Debug|Any CPU = Debug|Any CPU
		Release|Any CPU = Release|Any CPU
	EndGlobalSection
	GlobalSection(ProjectConfigurationPlatforms) = postSolution
		{4146DD3F-EC4C-4696-870E-EA220177930A}.Debug|Any CPU.ActiveCfg = Debug|Any CPU
		{4146DD3F-EC4C-4696-870E-EA220177930A}.Debug|Any CPU.Build.0 = Debug|Any CPU
		{4146DD3F-EC4C-4696-870E-EA220177930A}.Release|Any CPU.ActiveCfg = Release|Any CPU
		{4146DD3F-EC4C-4696-870E-EA220177930A}.Release|Any CPU.Build.0 = Release|Any CPU
	EndGlobalSection
	GlobalSection(SolutionProperties) = preSolution
		HideSolutionNode = FALSE
	EndGlobalSection
	GlobalSection(ExtensibilityGlobals) = postSolution
		SolutionGuid = {8A3DD842-AF34-485E-B6FC-CDAC7E3CEB69}
	EndGlobalSection
EndGlobal
