
Microsoft Visual Studio Solution File, Format Version 12.00
# Visual Studio Version 16
VisualStudioVersion = 16.0.30011.22
MinimumVisualStudioVersion = 10.0.40219.1
Project("{9A19103F-16F7-4668-BE54-9A1E7A4F7556}") = "AES_Encryption", "AES_Encryption\AES_Encryption.csproj", "{127782C7-9364-49F5-A025-64448A6C9DA9}"
EndProject
Project("{FAE04EC0-301F-11D3-BF4B-00C04F79EFBC}") = "Error003EncryptionSDK", "Error003Encryption.SDK\Error003EncryptionSDK.csproj", "{53E423D1-25EB-4066-A4A9-448AB34DB8F2}"
EndProject
Project("{2150E333-8FDC-42A3-9474-1A3956D46DE8}") = "Encryption Methods", "Encryption Methods", "{D59FCE5F-B9E1-43AB-9385-CE57575AEE6B}"
EndProject
Project("{FAE04EC0-301F-11D3-BF4B-00C04F79EFBC}") = "Error003EncryptionGUI", "Error003EncryptionGUI\Error003EncryptionGUI.csproj", "{ECDA92C4-2723-44BB-9A61-5368BED59D9E}"
EndProject
Project("{FAE04EC0-301F-11D3-BF4B-00C04F79EFBC}") = "Error003AddonManager", "Error003AddonManager\Error003AddonManager.csproj", "{DD50521C-5794-42BA-977D-307876C45DFF}"
EndProject
Global
	GlobalSection(SolutionConfigurationPlatforms) = preSolution
		Debug|Any CPU = Debug|Any CPU
		Release|Any CPU = Release|Any CPU
	EndGlobalSection
	GlobalSection(ProjectConfigurationPlatforms) = postSolution
		{127782C7-9364-49F5-A025-64448A6C9DA9}.Debug|Any CPU.ActiveCfg = Debug|Any CPU
		{127782C7-9364-49F5-A025-64448A6C9DA9}.Debug|Any CPU.Build.0 = Debug|Any CPU
		{127782C7-9364-49F5-A025-64448A6C9DA9}.Release|Any CPU.ActiveCfg = Release|Any CPU
		{127782C7-9364-49F5-A025-64448A6C9DA9}.Release|Any CPU.Build.0 = Release|Any CPU
		{53E423D1-25EB-4066-A4A9-448AB34DB8F2}.Debug|Any CPU.ActiveCfg = Debug|Any CPU
		{53E423D1-25EB-4066-A4A9-448AB34DB8F2}.Debug|Any CPU.Build.0 = Debug|Any CPU
		{53E423D1-25EB-4066-A4A9-448AB34DB8F2}.Release|Any CPU.ActiveCfg = Release|Any CPU
		{53E423D1-25EB-4066-A4A9-448AB34DB8F2}.Release|Any CPU.Build.0 = Release|Any CPU
		{ECDA92C4-2723-44BB-9A61-5368BED59D9E}.Debug|Any CPU.ActiveCfg = Debug|Any CPU
		{ECDA92C4-2723-44BB-9A61-5368BED59D9E}.Debug|Any CPU.Build.0 = Debug|Any CPU
		{ECDA92C4-2723-44BB-9A61-5368BED59D9E}.Release|Any CPU.ActiveCfg = Release|Any CPU
		{ECDA92C4-2723-44BB-9A61-5368BED59D9E}.Release|Any CPU.Build.0 = Release|Any CPU
		{DD50521C-5794-42BA-977D-307876C45DFF}.Debug|Any CPU.ActiveCfg = Debug|Any CPU
		{DD50521C-5794-42BA-977D-307876C45DFF}.Debug|Any CPU.Build.0 = Debug|Any CPU
		{DD50521C-5794-42BA-977D-307876C45DFF}.Release|Any CPU.ActiveCfg = Release|Any CPU
		{DD50521C-5794-42BA-977D-307876C45DFF}.Release|Any CPU.Build.0 = Release|Any CPU
	EndGlobalSection
	GlobalSection(SolutionProperties) = preSolution
		HideSolutionNode = FALSE
	EndGlobalSection
	GlobalSection(NestedProjects) = preSolution
		{127782C7-9364-49F5-A025-64448A6C9DA9} = {D59FCE5F-B9E1-43AB-9385-CE57575AEE6B}
	EndGlobalSection
	GlobalSection(ExtensibilityGlobals) = postSolution
		SolutionGuid = {FD1B4D94-8A65-4436-B5B5-8D436970FBC4}
	EndGlobalSection
EndGlobal
