
Microsoft Visual Studio Solution File, Format Version 12.00
# Visual Studio Version 16
VisualStudioVersion = 16.0.30011.22
MinimumVisualStudioVersion = 10.0.40219.1
Project("{9A19103F-16F7-4668-BE54-9A1E7A4F7556}") = "Nonsense", "Nonsense\Nonsense.csproj", "{9F0E124F-8102-4D55-A1DF-88657AD5E06D}"
EndProject
Project("{FAE04EC0-301F-11D3-BF4B-00C04F79EFBC}") = "Nonsense Framework", "Nonsense Framework\Nonsense Framework.csproj", "{5D6F2AD2-58B6-4BC0-8BC8-8F6FE6A66344}"
EndProject
Global
	GlobalSection(SolutionConfigurationPlatforms) = preSolution
		Debug|Any CPU = Debug|Any CPU
		Release|Any CPU = Release|Any CPU
	EndGlobalSection
	GlobalSection(ProjectConfigurationPlatforms) = postSolution
		{9F0E124F-8102-4D55-A1DF-88657AD5E06D}.Debug|Any CPU.ActiveCfg = Debug|Any CPU
		{9F0E124F-8102-4D55-A1DF-88657AD5E06D}.Debug|Any CPU.Build.0 = Debug|Any CPU
		{9F0E124F-8102-4D55-A1DF-88657AD5E06D}.Release|Any CPU.ActiveCfg = Release|Any CPU
		{9F0E124F-8102-4D55-A1DF-88657AD5E06D}.Release|Any CPU.Build.0 = Release|Any CPU
		{5D6F2AD2-58B6-4BC0-8BC8-8F6FE6A66344}.Debug|Any CPU.ActiveCfg = Debug|Any CPU
		{5D6F2AD2-58B6-4BC0-8BC8-8F6FE6A66344}.Debug|Any CPU.Build.0 = Debug|Any CPU
		{5D6F2AD2-58B6-4BC0-8BC8-8F6FE6A66344}.Release|Any CPU.ActiveCfg = Release|Any CPU
		{5D6F2AD2-58B6-4BC0-8BC8-8F6FE6A66344}.Release|Any CPU.Build.0 = Release|Any CPU
	EndGlobalSection
	GlobalSection(SolutionProperties) = preSolution
		HideSolutionNode = FALSE
	EndGlobalSection
	GlobalSection(ExtensibilityGlobals) = postSolution
		SolutionGuid = {22E3F5B5-40D4-4173-B25F-5A0AF6C83DEC}
	EndGlobalSection
EndGlobal
