
Microsoft Visual Studio Solution File, Format Version 12.00
# Visual Studio 15
VisualStudioVersion = 15.0.28307.168
MinimumVisualStudioVersion = 10.0.40219.1
Project("{F184B08F-C81C-45F6-A57F-5ABD9991F28F}") = "Theater Revenue", "Theater Revenue\Theater Revenue.vbproj", "{98D54504-78D1-4829-A483-1DEF89ABA9AB}"
EndProject
Global
	GlobalSection(SolutionConfigurationPlatforms) = preSolution
		Debug|Any CPU = Debug|Any CPU
		Release|Any CPU = Release|Any CPU
	EndGlobalSection
	GlobalSection(ProjectConfigurationPlatforms) = postSolution
		{98D54504-78D1-4829-A483-1DEF89ABA9AB}.Debug|Any CPU.ActiveCfg = Debug|Any CPU
		{98D54504-78D1-4829-A483-1DEF89ABA9AB}.Debug|Any CPU.Build.0 = Debug|Any CPU
		{98D54504-78D1-4829-A483-1DEF89ABA9AB}.Release|Any CPU.ActiveCfg = Release|Any CPU
		{98D54504-78D1-4829-A483-1DEF89ABA9AB}.Release|Any CPU.Build.0 = Release|Any CPU
	EndGlobalSection
	GlobalSection(SolutionProperties) = preSolution
		HideSolutionNode = FALSE
	EndGlobalSection
	GlobalSection(ExtensibilityGlobals) = postSolution
		SolutionGuid = {BABBDBD9-E166-4687-B73C-4A3028A881A6}
	EndGlobalSection
EndGlobal
