
Microsoft Visual Studio Solution File, Format Version 12.00
# Visual Studio 15
VisualStudioVersion = 15.0.28307.106
MinimumVisualStudioVersion = 10.0.40219.1
Project("{8BC9CEB8-8B4A-11D0-8D11-00A0C91BC942}") = "template", "template\template.vcxproj", "{C8F71B9F-CB77-4A93-8E6D-5DCC8A85B1DD}"
EndProject
Global
	GlobalSection(SolutionConfigurationPlatforms) = preSolution
		Debug|x64 = Debug|x64
		Debug|x86 = Debug|x86
		Release|x64 = Release|x64
		Release|x86 = Release|x86
	EndGlobalSection
	GlobalSection(ProjectConfigurationPlatforms) = postSolution
		{C8F71B9F-CB77-4A93-8E6D-5DCC8A85B1DD}.Debug|x64.ActiveCfg = Debug|x64
		{C8F71B9F-CB77-4A93-8E6D-5DCC8A85B1DD}.Debug|x64.Build.0 = Debug|x64
		{C8F71B9F-CB77-4A93-8E6D-5DCC8A85B1DD}.Debug|x86.ActiveCfg = Debug|Win32
		{C8F71B9F-CB77-4A93-8E6D-5DCC8A85B1DD}.Debug|x86.Build.0 = Debug|Win32
		{C8F71B9F-CB77-4A93-8E6D-5DCC8A85B1DD}.Release|x64.ActiveCfg = Release|x64
		{C8F71B9F-CB77-4A93-8E6D-5DCC8A85B1DD}.Release|x64.Build.0 = Release|x64
		{C8F71B9F-CB77-4A93-8E6D-5DCC8A85B1DD}.Release|x86.ActiveCfg = Release|Win32
		{C8F71B9F-CB77-4A93-8E6D-5DCC8A85B1DD}.Release|x86.Build.0 = Release|Win32
	EndGlobalSection
	GlobalSection(SolutionProperties) = preSolution
		HideSolutionNode = FALSE
	EndGlobalSection
	GlobalSection(ExtensibilityGlobals) = postSolution
		SolutionGuid = {D4DA716A-B487-41F2-BB89-0CC1633CCF6E}
	EndGlobalSection
EndGlobal
